
Microsoft Visual Studio Solution File, Format Version 12.00
Project("{FAE04EC0-301F-11D3-BF4B-00C04F79EFBC}") = "TaskBoard", "TaskBoard\TaskBoard.csproj", "{B9610E0F-0F4B-43EB-BD86-657DA94AA9BD}"
EndProject
Project("{2150E333-8FDC-42A3-9474-1A3956D46DE8}") = "Solution Items", "Solution Items", "{7BF6A64E-5E19-4D5C-9820-4592AE4FE6F5}"
	ProjectSection(SolutionItems) = preProject
		docker-compose.yml = docker-compose.yml
	EndProjectSection
EndProject
Global
	GlobalSection(SolutionConfigurationPlatforms) = preSolution
		Debug|Any CPU = Debug|Any CPU
		Release|Any CPU = Release|Any CPU
	EndGlobalSection
	GlobalSection(ProjectConfigurationPlatforms) = postSolution
		{B9610E0F-0F4B-43EB-BD86-657DA94AA9BD}.Debug|Any CPU.ActiveCfg = Debug|Any CPU
		{B9610E0F-0F4B-43EB-BD86-657DA94AA9BD}.Debug|Any CPU.Build.0 = Debug|Any CPU
		{B9610E0F-0F4B-43EB-BD86-657DA94AA9BD}.Release|Any CPU.ActiveCfg = Release|Any CPU
		{B9610E0F-0F4B-43EB-BD86-657DA94AA9BD}.Release|Any CPU.Build.0 = Release|Any CPU
	EndGlobalSection
EndGlobal
